
Microsoft Visual Studio Solution File, Format Version 12.00
# Visual Studio 15
VisualStudioVersion = 15.0.28307.421
MinimumVisualStudioVersion = 10.0.40219.1
Project("{8BC9CEB8-8B4A-11D0-8D11-00A0C91BC942}") = "CardGame", "CardGame\CardGame.vcxproj", "{F65AF090-03DD-4B8A-853D-B9D876389D95}"
EndProject
Global
	GlobalSection(SolutionConfigurationPlatforms) = preSolution
		Debug|x64 = Debug|x64
		Debug|x86 = Debug|x86
		Release|x64 = Release|x64
		Release|x86 = Release|x86
	EndGlobalSection
	GlobalSection(ProjectConfigurationPlatforms) = postSolution
		{F65AF090-03DD-4B8A-853D-B9D876389D95}.Debug|x64.ActiveCfg = Debug|x64
		{F65AF090-03DD-4B8A-853D-B9D876389D95}.Debug|x64.Build.0 = Debug|x64
		{F65AF090-03DD-4B8A-853D-B9D876389D95}.Debug|x86.ActiveCfg = Debug|Win32
		{F65AF090-03DD-4B8A-853D-B9D876389D95}.Debug|x86.Build.0 = Debug|Win32
		{F65AF090-03DD-4B8A-853D-B9D876389D95}.Release|x64.ActiveCfg = Release|x64
		{F65AF090-03DD-4B8A-853D-B9D876389D95}.Release|x64.Build.0 = Release|x64
		{F65AF090-03DD-4B8A-853D-B9D876389D95}.Release|x86.ActiveCfg = Release|Win32
		{F65AF090-03DD-4B8A-853D-B9D876389D95}.Release|x86.Build.0 = Release|Win32
	EndGlobalSection
	GlobalSection(SolutionProperties) = preSolution
		HideSolutionNode = FALSE
	EndGlobalSection
	GlobalSection(ExtensibilityGlobals) = postSolution
		SolutionGuid = {878DACBC-35A4-4C8F-91E6-AB074CCE777A}
	EndGlobalSection
EndGlobal
